Microsoft Visual Studio Solution File, Format Version 12.00
# Visual Studio Version 17
VisualStudioVersion = 17.5.2.0
MinimumVisualStudioVersion = 10.0.40219.1
Project("{FAE04EC0-301F-11D3-BF4B-00C04F79EFBC}") = "PromoManager.Test", "PromoManager.Test.csproj", "{A045ABBC-FCB4-6A18-985C-8638A5E70709}"
EndProject
Global
	GlobalSection(SolutionConfigurationPlatforms) = preSolution
		Debug|Any CPU = Debug|Any CPU
		Release|Any CPU = Release|Any CPU
	EndGlobalSection
	GlobalSection(ProjectConfigurationPlatforms) = postSolution
		{A045ABBC-FCB4-6A18-985C-8638A5E70709}.Debug|Any CPU.ActiveCfg = Debug|Any CPU
		{A045ABBC-FCB4-6A18-985C-8638A5E70709}.Debug|Any CPU.Build.0 = Debug|Any CPU
		{A045ABBC-FCB4-6A18-985C-8638A5E70709}.Release|Any CPU.ActiveCfg = Release|Any CPU
		{A045ABBC-FCB4-6A18-985C-8638A5E70709}.Release|Any CPU.Build.0 = Release|Any CPU
	EndGlobalSection
	GlobalSection(SolutionProperties) = preSolution
		HideSolutionNode = FALSE
	EndGlobalSection
	GlobalSection(ExtensibilityGlobals) = postSolution
		SolutionGuid = {187E56C3-C4DB-4B60-8FDC-2E1CDF039E13}
	EndGlobalSection
EndGlobal
